
Microsoft Visual Studio Solution File, Format Version 12.00
# Visual Studio Version 17
VisualStudioVersion = 17.9.34723.18
MinimumVisualStudioVersion = 10.0.40219.1
Project("{9A19103F-16F7-4668-BE54-9A1E7A4F7556}") = "SmartRes.Server", "SmartRes.Server\SmartRes.Server.csproj", "{B194A90F-8E27-4A26-A4A0-628234C2A8A4}"
EndProject
Global
	GlobalSection(SolutionConfigurationPlatforms) = preSolution
		Debug|Any CPU = Debug|Any CPU
		Release|Any CPU = Release|Any CPU
	EndGlobalSection
	GlobalSection(ProjectConfigurationPlatforms) = postSolution
		{B194A90F-8E27-4A26-A4A0-628234C2A8A4}.Debug|Any CPU.ActiveCfg = Debug|Any CPU
		{B194A90F-8E27-4A26-A4A0-628234C2A8A4}.Debug|Any CPU.Build.0 = Debug|Any CPU
		{B194A90F-8E27-4A26-A4A0-628234C2A8A4}.Release|Any CPU.ActiveCfg = Release|Any CPU
		{B194A90F-8E27-4A26-A4A0-628234C2A8A4}.Release|Any CPU.Build.0 = Release|Any CPU
	EndGlobalSection
	GlobalSection(SolutionProperties) = preSolution
		HideSolutionNode = FALSE
	EndGlobalSection
	GlobalSection(ExtensibilityGlobals) = postSolution
		SolutionGuid = {31BC4B1A-7102-441E-9C18-32CB0F33183A}
	EndGlobalSection
EndGlobal
